// !$*UTF8*$!
{
	archiveVersion = 1;
	classes = {
	};
	objectVersion = 55;
	objects = {

/* Begin PBXBuildFile section */
		D316DB322910CEE000329030 /* AppDelegate.swift in Sources */ = {isa = PBXBuildFile; fileRef = D316DB312910CEE000329030 /* AppDelegate.swift */; };
		D316DB342910CEE000329030 /* SceneDelegate.swift in Sources */ = {isa = PBXBuildFile; fileRef = D316DB332910CEE000329030 /* SceneDelegate.swift */; };
		D316DB362910CEE000329030 /* ViewController.swift in Sources */ = {isa = PBXBuildFile; fileRef = D316DB352910CEE000329030 /* ViewController.swift */; };
		D316DB392910CEE000329030 /* Main.storyboard in Resources */ = {isa = PBXBuildFile; fileRef = D316DB372910CEE000329030 /* Main.storyboard */; };
		D316DB3B2910CEE100329030 /* Assets.xcassets in Resources */ = {isa = PBXBuildFile; fileRef = D316DB3A2910CEE100329030 /* Assets.xcassets */; };
		D316DB3E2910CEE100329030 /* LaunchScreen.storyboard in Resources */ = {isa = PBXBuildFile; fileRef = D316DB3C2910CEE100329030 /* LaunchScreen.storyboard */; };
		D316DB492910CEE100329030 /* uiButtonCornerRadusTests.swift in Sources */ = {isa = PBXBuildFile; fileRef = D316DB482910CEE100329030 /* uiButtonCornerRadusTests.swift */; };
		D316DB532910CEE100329030 /* uiButtonCornerRadusUITests.swift in Sources */ = {isa = PBXBuildFile; fileRef = D316DB522910CEE100329030 /* uiButtonCornerRadusUITests.swift */; };
		D316DB552910CEE100329030 /* uiButtonCornerRadusUITestsLaunchTests.swift in Sources */ = {isa = PBXBuildFile; fileRef = D316DB542910CEE100329030 /* uiButtonCornerRadusUITestsLaunchTests.swift */; };
/* End PBXBuildFile section */

/* Begin PBXContainerItemProxy section */
		D316DB452910CEE100329030 /* PBXContainerItemProxy */ = {
			isa = PBXContainerItemProxy;
			containerPortal = D316DB262910CEE000329030 /* Project object */;
			proxyType = 1;
			remoteGlobalIDString = D316DB2D2910CEE000329030;
			remoteInfo = uiButtonCornerRadus;
		};
		D316DB4F2910CEE100329030 /* PBXContainerItemProxy */ = {
			isa = PBXContainerItemProxy;
			containerPortal = D316DB262910CEE000329030 /* Project object */;
			proxyType = 1;
			remoteGlobalIDString = D316DB2D2910CEE000329030;
			remoteInfo = uiButtonCornerRadus;
		};
/* End PBXContainerItemProxy section */

/* Begin PBXFileReference section */
		D316DB2E2910CEE000329030 /* uiButtonCornerRadus.app */ = {isa = PBXFileReference; explicitFileType = wrapper.application; includeInIndex = 0; path = uiButtonCornerRadus.app; sourceTree = BUILT_PRODUCTS_DIR; };
		D316DB312910CEE000329030 /* AppDelegate.swift */ = {isa = PBXFileReference; lastKnownFileType = sourcecode.swift; path = AppDelegate.swift; sourceTree = "<group>"; };
		D316DB332910CEE000329030 /* SceneDelegate.swift */ = {isa = PBXFileReference; lastKnownFileType = sourcecode.swift; path = SceneDelegate.swift; sourceTree = "<group>"; };
		D316DB352910CEE000329030 /* ViewController.swift */ = {isa = PBXFileReference; lastKnownFileType = sourcecode.swift; path = ViewController.swift; sourceTree = "<group>"; };
		D316DB382910CEE000329030 /* Base */ = {isa = PBXFileReference; lastKnownFileType = file.storyboard; name = Base; path = Base.lproj/Main.storyboard; sourceTree = "<group>"; };
		D316DB3A2910CEE100329030 /* Assets.xcassets */ = {isa = PBXFileReference; lastKnownFileType = folder.assetcatalog; path = Assets.xcassets; sourceTree = "<group>"; };
		D316DB3D2910CEE100329030 /* Base */ = {isa = PBXFileReference; lastKnownFileType = file.storyboard; name = Base; path = Base.lproj/LaunchScreen.storyboard; sourceTree = "<group>"; };
		D316DB3F2910CEE100329030 /* Info.plist */ = {isa = PBXFileReference; lastKnownFileType = text.plist.xml; path = Info.plist; sourceTree = "<group>"; };
		D316DB442910CEE100329030 /* uiButtonCornerRadusTests.xctest */ = {isa = PBXFileReference; explicitFileType = wrapper.cfbundle; includeInIndex = 0; path = uiButtonCornerRadusTests.xctest; sourceTree = BUILT_PRODUCTS_DIR; };
		D316DB482910CEE100329030 /* uiButtonCornerRadusTests.swift */ = {isa = PBXFileReference; lastKnownFileType = sourcecode.swift; path = uiButtonCornerRadusTests.swift; sourceTree = "<group>"; };
		D316DB4E2910CEE100329030 /* uiButtonCornerRadusUITests.xctest */ = {isa = PBXFileReference; explicitFileType = wrapper.cfbundle; includeInIndex = 0; path = uiButtonCornerRadusUITests.xctest; sourceTree = BUILT_PRODUCTS_DIR; };
		D316DB522910CEE100329030 /* uiButtonCornerRadusUITests.swift */ = {isa = PBXFileReference; lastKnownFileType = sourcecode.swift; path = uiButtonCornerRadusUITests.swift; sourceTree = "<group>"; };
		D316DB542910CEE100329030 /* uiButtonCornerRadusUITestsLaunchTests.swift */ = {isa = PBXFileReference; lastKnownFileType = sourcecode.swift; path = uiButtonCornerRadusUITestsLaunchTests.swift; sourceTree = "<group>"; };
/* End PBXFileReference section */

/* Begin PBXFrameworksBuildPhase section */
		D316DB2B2910CEE000329030 /* Frameworks */ = {
			isa = PBXFrameworksBuildPhase;
			buildActionMask = 2147483647;
			files = (
			);
			runOnlyForDeploymentPostprocessing = 0;
		};
		D316DB412910CEE100329030 /* Frameworks */ = {
			isa = PBXFrameworksBuildPhase;
			buildActionMask = 2147483647;
			files = (
			);
			runOnlyForDeploymentPostprocessing = 0;
		};
		D316DB4B2910CEE100329030 /* Frameworks */ = {
			isa = PBXFrameworksBuildPhase;
			buildActionMask = 2147483647;
			files = (
			);
			runOnlyForDeploymentPostprocessing = 0;
		};
/* End PBXFrameworksBuildPhase section */

/* Begin PBXGroup section */
		D316DB252910CEE000329030 = {
			isa = PBXGroup;
			children = (
				D316DB302910CEE000329030 /* uiButtonCornerRadus */,
				D316DB472910CEE100329030 /* uiButtonCornerRadusTests */,
				D316DB512910CEE100329030 /* uiButtonCornerRadusUITests */,
				D316DB2F2910CEE000329030 /* Products */,
			);
			sourceTree = "<group>";
		};
		D316DB2F2910CEE000329030 /* Products */ = {
			isa = PBXGroup;
			children = (
				D316DB2E2910CEE000329030 /* uiButtonCornerRadus.app */,
				D316DB442910CEE100329030 /* uiButtonCornerRadusTests.xctest */,
				D316DB4E2910CEE100329030 /* uiButtonCornerRadusUITests.xctest */,
			);
			name = Products;
			sourceTree = "<group>";
		};
		D316DB302910CEE000329030 /* uiButtonCornerRadus */ = {
			isa = PBXGroup;
			children = (
				D316DB312910CEE000329030 /* AppDelegate.swift */,
				D316DB332910CEE000329030 /* SceneDelegate.swift */,
				D316DB352910CEE000329030 /* ViewController.swift */,
				D316DB372910CEE000329030 /* Main.storyboard */,
				D316DB3A2910CEE100329030 /* Assets.xcassets */,
				D316DB3C2910CEE100329030 /* LaunchScreen.storyboard */,
				D316DB3F2910CEE100329030 /* Info.plist */,
			);
			path = uiButtonCornerRadus;
			sourceTree = "<group>";
		};
		D316DB472910CEE100329030 /* uiButtonCornerRadusTests */ = {
			isa = PBXGroup;
			children = (
				D316DB482910CEE100329030 /* uiButtonCornerRadusTests.swift */,
			);
			path = uiButtonCornerRadusTests;
			sourceTree = "<group>";
		};
		D316DB512910CEE100329030 /* uiButtonCornerRadusUITests */ = {
			isa = PBXGroup;
			children = (
				D316DB522910CEE100329030 /* uiButtonCornerRadusUITests.swift */,
				D316DB542910CEE100329030 /* uiButtonCornerRadusUITestsLaunchTests.swift */,
			);
			path = uiButtonCornerRadusUITests;
			sourceTree = "<group>";
		};
/* End PBXGroup section */

/* Begin PBXNativeTarget section */
		D316DB2D2910CEE000329030 /* uiButtonCornerRadus */ = {
			isa = PBXNativeTarget;
			buildConfigurationList = D316DB582910CEE100329030 /* Build configuration list for PBXNativeTarget "uiButtonCornerRadus" */;
			buildPhases = (
				D316DB2A2910CEE000329030 /* Sources */,
				D316DB2B2910CEE000329030 /* Frameworks */,
				D316DB2C2910CEE000329030 /* Resources */,
			);
			buildRules = (
			);
			dependencies = (
			);
			name = uiButtonCornerRadus;
			productName = uiButtonCornerRadus;
			productReference = D316DB2E2910CEE000329030 /* uiButtonCornerRadus.app */;
			productType = "com.apple.product-type.application";
		};
		D316DB432910CEE100329030 /* uiButtonCornerRadusTests */ = {
			isa = PBXNativeTarget;
			buildConfigurationList = D316DB5B2910CEE100329030 /* Build configuration list for PBXNativeTarget "uiButtonCornerRadusTests" */;
			buildPhases = (
				D316DB402910CEE100329030 /* Sources */,
				D316DB412910CEE100329030 /* Frameworks */,
				D316DB422910CEE100329030 /* Resources */,
			);
			buildRules = (
			);
			dependencies = (
				D316DB462910CEE100329030 /* PBXTargetDependency */,
			);
			name = uiButtonCornerRadusTests;
			productName = uiButtonCornerRadusTests;
			productReference = D316DB442910CEE100329030 /* uiButtonCornerRadusTests.xctest */;
			productType = "com.apple.product-type.bundle.unit-test";
		};
		D316DB4D2910CEE100329030 /* uiButtonCornerRadusUITests */ = {
			isa = PBXNativeTarget;
			buildConfigurationList = D316DB5E2910CEE100329030 /* Build configuration list for PBXNativeTarget "uiButtonCornerRadusUITests" */;
			buildPhases = (
				D316DB4A2910CEE100329030 /* Sources */,
				D316DB4B2910CEE100329030 /* Frameworks */,
				D316DB4C2910CEE100329030 /* Resources */,
			);
			buildRules = (
			);
			dependencies = (
				D316DB502910CEE100329030 /* PBXTargetDependency */,
			);
			name = uiButtonCornerRadusUITests;
			productName = uiButtonCornerRadusUITests;
			productReference = D316DB4E2910CEE100329030 /* uiButtonCornerRadusUITests.xctest */;
			productType = "com.apple.product-type.bundle.ui-testing";
		};
/* End PBXNativeTarget section */

/* Begin PBXProject section */
		D316DB262910CEE000329030 /* Project object */ = {
			isa = PBXProject;
			attributes = {
				BuildIndependentTargetsInParallel = 1;
				LastSwiftUpdateCheck = 1340;
				LastUpgradeCheck = 1340;
				TargetAttributes = {
					D316DB2D2910CEE000329030 = {
						CreatedOnToolsVersion = 13.4.1;
					};
					D316DB432910CEE100329030 = {
						CreatedOnToolsVersion = 13.4.1;
						TestTargetID = D316DB2D2910CEE000329030;
					};
					D316DB4D2910CEE100329030 = {
						CreatedOnToolsVersion = 13.4.1;
						TestTargetID = D316DB2D2910CEE000329030;
					};
				};
			};
			buildConfigurationList = D316DB292910CEE000329030 /* Build configuration list for PBXProject "uiButtonCornerRadus" */;
			compatibilityVersion = "Xcode 13.0";
			developmentRegion = en;
			hasScannedForEncodings = 0;
			knownRegions = (
				en,
				Base,
			);
			mainGroup = D316DB252910CEE000329030;
			productRefGroup = D316DB2F2910CEE000329030 /* Products */;
			projectDirPath = "";
			projectRoot = "";
			targets = (
				D316DB2D2910CEE000329030 /* uiButtonCornerRadus */,
				D316DB432910CEE100329030 /* uiButtonCornerRadusTests */,
				D316DB4D2910CEE100329030 /* uiButtonCornerRadusUITests */,
			);
		};
/* End PBXProject section */

/* Begin PBXResourcesBuildPhase section */
		D316DB2C2910CEE000329030 /* Resources */ = {
			isa = PBXResourcesBuildPhase;
			buildActionMask = 2147483647;
			files = (
				D316DB3E2910CEE100329030 /* LaunchScreen.storyboard in Resources */,
				D316DB3B2910CEE100329030 /* Assets.xcassets in Resources */,
				D316DB392910CEE000329030 /* Main.storyboard in Resources */,
			);
			runOnlyForDeploymentPostprocessing = 0;
		};
		D316DB422910CEE100329030 /* Resources */ = {
			isa = PBXResourcesBuildPhase;
			buildActionMask = 2147483647;
			files = (
			);
			runOnlyForDeploymentPostprocessing = 0;
		};
		D316DB4C2910CEE100329030 /* Resources */ = {
			isa = PBXResourcesBuildPhase;
			buildActionMask = 2147483647;
			files = (
			);
			runOnlyForDeploymentPostprocessing = 0;
		};
/* End PBXResourcesBuildPhase section */

/* Begin PBXSourcesBuildPhase section */
		D316DB2A2910CEE000329030 /* Sources */ = {
			isa = PBXSourcesBuildPhase;
			buildActionMask = 2147483647;
			files = (
				D316DB362910CEE000329030 /* ViewController.swift in Sources */,
				D316DB322910CEE000329030 /* AppDelegate.swift in Sources */,
				D316DB342910CEE000329030 /* SceneDelegate.swift in Sources */,
			);
			runOnlyForDeploymentPostprocessing = 0;
		};
		D316DB402910CEE100329030 /* Sources */ = {
			isa = PBXSourcesBuildPhase;
			buildActionMask = 2147483647;
			files = (
				D316DB492910CEE100329030 /* uiButtonCornerRadusTests.swift in Sources */,
			);
			runOnlyForDeploymentPostprocessing = 0;
		};
		D316DB4A2910CEE100329030 /* Sources */ = {
			isa = PBXSourcesBuildPhase;
			buildActionMask = 2147483647;
			files = (
				D316DB532910CEE100329030 /* uiButtonCornerRadusUITests.swift in Sources */,
				D316DB552910CEE100329030 /* uiButtonCornerRadusUITestsLaunchTests.swift in Sources */,
			);
			runOnlyForDeploymentPostprocessing = 0;
		};
/* End PBXSourcesBuildPhase section */

/* Begin PBXTargetDependency section */
		D316DB462910CEE100329030 /* PBXTargetDependency */ = {
			isa = PBXTargetDependency;
			target = D316DB2D2910CEE000329030 /* uiButtonCornerRadus */;
			targetProxy = D316DB452910CEE100329030 /* PBXContainerItemProxy */;
		};
		D316DB502910CEE100329030 /* PBXTargetDependency */ = {
			isa = PBXTargetDependency;
			target = D316DB2D2910CEE000329030 /* uiButtonCornerRadus */;
			targetProxy = D316DB4F2910CEE100329030 /* PBXContainerItemProxy */;
		};
/* End PBXTargetDependency section */

/* Begin PBXVariantGroup section */
		D316DB372910CEE000329030 /* Main.storyboard */ = {
			isa = PBXVariantGroup;
			children = (
				D316DB382910CEE000329030 /* Base */,
			);
			name = Main.storyboard;
			sourceTree = "<group>";
		};
		D316DB3C2910CEE100329030 /* LaunchScreen.storyboard */ = {
			isa = PBXVariantGroup;
			children = (
				D316DB3D2910CEE100329030 /* Base */,
			);
			name = LaunchScreen.storyboard;
			sourceTree = "<group>";
		};
/* End PBXVariantGroup section */

/* Begin XCBuildConfiguration section */
		D316DB562910CEE100329030 /* Debug */ = {
			isa = XCBuildConfiguration;
			buildSettings = {
				ALWAYS_SEARCH_USER_PATHS = NO;
				CLANG_ANALYZER_NONNULL = YES;
				CLANG_ANALYZER_NUMBER_OBJECT_CONVERSION = YES_AGGRESSIVE;
				CLANG_CXX_LANGUAGE_STANDARD = "gnu++17";
				CLANG_ENABLE_MODULES = YES;
				CLANG_ENABLE_OBJC_ARC = YES;
				CLANG_ENABLE_OBJC_WEAK = YES;
				CLANG_WARN_BLOCK_CAPTURE_AUTORELEASING = YES;
				CLANG_WARN_BOOL_CONVERSION = YES;
				CLANG_WARN_COMMA = YES;
				CLANG_WARN_CONSTANT_CONVERSION = YES;
				CLANG_WARN_DEPRECATED_OBJC_IMPLEMENTATIONS = YES;
				CLANG_WARN_DIRECT_OBJC_ISA_USAGE = YES_ERROR;
				CLANG_WARN_DOCUMENTATION_COMMENTS = YES;
				CLANG_WARN_EMPTY_BODY = YES;
				CLANG_WARN_ENUM_CONVERSION = YES;
				CLANG_WARN_INFINITE_RECURSION = YES;
				CLANG_WARN_INT_CONVERSION = YES;
				CLANG_WARN_NON_LITERAL_NULL_CONVERSION = YES;
				CLANG_WARN_OBJC_IMPLICIT_RETAIN_SELF = YES;
				CLANG_WARN_OBJC_LITERAL_CONVERSION = YES;
				CLANG_WARN_OBJC_ROOT_CLASS = YES_ERROR;
				CLANG_WARN_QUOTED_INCLUDE_IN_FRAMEWORK_HEADER = YES;
				CLANG_WARN_RANGE_LOOP_ANALYSIS = YES;
				CLANG_WARN_STRICT_PROTOTYPES = YES;
				CLANG_WARN_SUSPICIOUS_MOVE = YES;
				CLANG_WARN_UNGUARDED_AVAILABILITY = YES_AGGRESSIVE;
				CLANG_WARN_UNREACHABLE_CODE = YES;
				CLANG_WARN__DUPLICATE_METHOD_MATCH = YES;
				COPY_PHASE_STRIP = NO;
				DEBUG_INFORMATION_FORMAT = dwarf;
				ENABLE_STRICT_OBJC_MSGSEND = YES;
				ENABLE_TESTABILITY = YES;
				GCC_C_LANGUAGE_STANDARD = gnu11;
				GCC_DYNAMIC_NO_PIC = NO;
				GCC_NO_COMMON_BLOCKS = YES;
				GCC_OPTIMIZATION_LEVEL = 0;
				GCC_PREPROCESSOR_DEFINITIONS = (
					"DEBUG=1",
					"$(inherited)",
				);
				GCC_WARN_64_TO_32_BIT_CONVERSION = YES;
				GCC_WARN_ABOUT_RETURN_TYPE = YES_ERROR;
				GCC_WARN_UNDECLARED_SELECTOR = YES;
				GCC_WARN_UNINITIALIZED_AUTOS = YES_AGGRESSIVE;
				GCC_WARN_UNUSED_FUNCTION = YES;
				GCC_WARN_UNUSED_VARIABLE = YES;
				IPHONEOS_DEPLOYMENT_TARGET = 15.5;
				MTL_ENABLE_DEBUG_INFO = INCLUDE_SOURCE;
				MTL_FAST_MATH = YES;
				ONLY_ACTIVE_ARCH = YES;
				SDKROOT = iphoneos;
				SWIFT_ACTIVE_COMPILATION_CONDITIONS = DEBUG;
				SWIFT_OPTIMIZATION_LEVEL = "-Onone";
			};
			name = Debug;
		};
		D316DB572910CEE100329030 /* Release */ = {
			isa = XCBuildConfiguration;
			buildSettings = {
				ALWAYS_SEARCH_USER_PATHS = NO;
				CLANG_ANALYZER_NONNULL = YES;
				CLANG_ANALYZER_NUMBER_OBJECT_CONVERSION = YES_AGGRESSIVE;
				CLANG_CXX_LANGUAGE_STANDARD = "gnu++17";
				CLANG_ENABLE_MODULES = YES;
				CLANG_ENABLE_OBJC_ARC = YES;
				CLANG_ENABLE_OBJC_WEAK = YES;
				CLANG_WARN_BLOCK_CAPTURE_AUTORELEASING = YES;
				CLANG_WARN_BOOL_CONVERSION = YES;
				CLANG_WARN_COMMA = YES;
				CLANG_WARN_CONSTANT_CONVERSION = YES;
				CLANG_WARN_DEPRECATED_OBJC_IMPLEMENTATIONS = YES;
				CLANG_WARN_DIRECT_OBJC_ISA_USAGE = YES_ERROR;
				CLANG_WARN_DOCUMENTATION_COMMENTS = YES;
				CLANG_WARN_EMPTY_BODY = YES;
				CLANG_WARN_ENUM_CONVERSION = YES;
				CLANG_WARN_INFINITE_RECURSION = YES;
				CLANG_WARN_INT_CONVERSION = YES;
				CLANG_WARN_NON_LITERAL_NULL_CONVERSION = YES;
				CLANG_WARN_OBJC_IMPLICIT_RETAIN_SELF = YES;
				CLANG_WARN_OBJC_LITERAL_CONVERSION = YES;
				CLANG_WARN_OBJC_ROOT_CLASS = YES_ERROR;
				CLANG_WARN_QUOTED_INCLUDE_IN_FRAMEWORK_HEADER = YES;
				CLANG_WARN_RANGE_LOOP_ANALYSIS = YES;
				CLANG_WARN_STRICT_PROTOTYPES = YES;
				CLANG_WARN_SUSPICIOUS_MOVE = YES;
				CLANG_WARN_UNGUARDED_AVAILABILITY = YES_AGGRESSIVE;
				CLANG_WARN_UNREACHABLE_CODE = YES;
				CLANG_WARN__DUPLICATE_METHOD_MATCH = YES;
				COPY_PHASE_STRIP = NO;
				DEBUG_INFORMATION_FORMAT = "dwarf-with-dsym";
				ENABLE_NS_ASSERTIONS = NO;
				ENABLE_STRICT_OBJC_MSGSEND = YES;
				GCC_C_LANGUAGE_STANDARD = gnu11;
				GCC_NO_COMMON_BLOCKS = YES;
				GCC_WARN_64_TO_32_BIT_CONVERSION = YES;
				GCC_WARN_ABOUT_RETURN_TYPE = YES_ERROR;
				GCC_WARN_UNDECLARED_SELECTOR = YES;
				GCC_WARN_UNINITIALIZED_AUTOS = YES_AGGRESSIVE;
				GCC_WARN_UNUSED_FUNCTION = YES;
				GCC_WARN_UNUSED_VARIABLE = YES;
				IPHONEOS_DEPLOYMENT_TARGET = 15.5;
				MTL_ENABLE_DEBUG_INFO = NO;
				MTL_FAST_MATH = YES;
				SDKROOT = iphoneos;
				SWIFT_COMPILATION_MODE = wholemodule;
				SWIFT_OPTIMIZATION_LEVEL = "-O";
				VALIDATE_PRODUCT = YES;
			};
			name = Release;
		};
		D316DB592910CEE100329030 /* Debug */ = {
			isa = XCBuildConfiguration;
			buildSettings = {
				ASSETCATALOG_COMPILER_APPICON_NAME = AppIcon;
				ASSETCATALOG_COMPILER_GLOBAL_ACCENT_COLOR_NAME = AccentColor;
				CODE_SIGN_STYLE = Automatic;
				CURRENT_PROJECT_VERSION = 1;
				DEVELOPMENT_TEAM = BQQPF348J4;
				GENERATE_INFOPLIST_FILE = YES;
				INFOPLIST_FILE = uiButtonCornerRadus/Info.plist;
				INFOPLIST_KEY_UIApplicationSupportsIndirectInputEvents = YES;
				INFOPLIST_KEY_UILaunchStoryboardName = LaunchScreen;
				INFOPLIST_KEY_UIMainStoryboardFile = Main;
				INFOPLIST_KEY_UISupportedInterfaceOrientations_iPad = "UIInterfaceOrientationPortrait UIInterfaceOrientationPortraitUpsideDown UIInterfaceOrientationLandscapeLeft UIInterfaceOrientationLandscapeRight";
				INFOPLIST_KEY_UISupportedInterfaceOrientations_iPhone = "UIInterfaceOrientationPortrait UIInterfaceOrientationLandscapeLeft UIInterfaceOrientationLandscapeRight";
				LD_RUNPATH_SEARCH_PATHS = (
					"$(inherited)",
					"@executable_path/Frameworks",
				);
				MARKETING_VERSION = 1.0;
				PRODUCT_BUNDLE_IDENTIFIER = "test-stopwatch.uiButtonCornerRadus";
				PRODUCT_NAME = "$(TARGET_NAME)";
				SWIFT_EMIT_LOC_STRINGS = YES;
				SWIFT_VERSION = 5.0;
				TARGETED_DEVICE_FAMILY = "1,2";
			};
			name = Debug;
		};
		D316DB5A2910CEE100329030 /* Release */ = {
			isa = XCBuildConfiguration;
			buildSettings = {
				ASSETCATALOG_COMPILER_APPICON_NAME = AppIcon;
				ASSETCATALOG_COMPILER_GLOBAL_ACCENT_COLOR_NAME = AccentColor;
				CODE_SIGN_STYLE = Automatic;
				CURRENT_PROJECT_VERSION = 1;
				DEVELOPMENT_TEAM = BQQPF348J4;
				GENERATE_INFOPLIST_FILE = YES;
				INFOPLIST_FILE = uiButtonCornerRadus/Info.plist;
				INFOPLIST_KEY_UIApplicationSupportsIndirectInputEvents = YES;
				INFOPLIST_KEY_UILaunchStoryboardName = LaunchScreen;
				INFOPLIST_KEY_UIMainStoryboardFile = Main;
				INFOPLIST_KEY_UISupportedInterfaceOrientations_iPad = "UIInterfaceOrientationPortrait UIInterfaceOrientationPortraitUpsideDown UIInterfaceOrientationLandscapeLeft UIInterfaceOrientationLandscapeRight";
				INFOPLIST_KEY_UISupportedInterfaceOrientations_iPhone = "UIInterfaceOrientationPortrait UIInterfaceOrientationLandscapeLeft UIInterfaceOrientationLandscapeRight";
				LD_RUNPATH_SEARCH_PATHS = (
					"$(inherited)",
					"@executable_path/Frameworks",
				);
				MARKETING_VERSION = 1.0;
				PRODUCT_BUNDLE_IDENTIFIER = "test-stopwatch.uiButtonCornerRadus";
				PRODUCT_NAME = "$(TARGET_NAME)";
				SWIFT_EMIT_LOC_STRINGS = YES;
				SWIFT_VERSION = 5.0;
				TARGETED_DEVICE_FAMILY = "1,2";
			};
			name = Release;
		};
		D316DB5C2910CEE100329030 /* Debug */ = {
			isa = XCBuildConfiguration;
			buildSettings = {
				ALWAYS_EMBED_SWIFT_STANDARD_LIBRARIES = YES;
				BUNDLE_LOADER = "$(TEST_HOST)";
				CODE_SIGN_STYLE = Automatic;
				CURRENT_PROJECT_VERSION = 1;
				DEVELOPMENT_TEAM = BQQPF348J4;
				GENERATE_INFOPLIST_FILE = YES;
				IPHONEOS_DEPLOYMENT_TARGET = 15.5;
				MARKETING_VERSION = 1.0;
				PRODUCT_BUNDLE_IDENTIFIER = "test-stopwatch.uiButtonCornerRadusTests";
				PRODUCT_NAME = "$(TARGET_NAME)";
				SWIFT_EMIT_LOC_STRINGS = NO;
				SWIFT_VERSION = 5.0;
				TARGETED_DEVICE_FAMILY = "1,2";
				TEST_HOST = "$(BUILT_PRODUCTS_DIR)/uiButtonCornerRadus.app/uiButtonCornerRadus";
			};
			name = Debug;
		};
		D316DB5D2910CEE100329030 /* Release */ = {
			isa = XCBuildConfiguration;
			buildSettings = {
				ALWAYS_EMBED_SWIFT_STANDARD_LIBRARIES = YES;
				BUNDLE_LOADER = "$(TEST_HOST)";
				CODE_SIGN_STYLE = Automatic;
				CURRENT_PROJECT_VERSION = 1;
				DEVELOPMENT_TEAM = BQQPF348J4;
				GENERATE_INFOPLIST_FILE = YES;
				IPHONEOS_DEPLOYMENT_TARGET = 15.5;
				MARKETING_VERSION = 1.0;
				PRODUCT_BUNDLE_IDENTIFIER = "test-stopwatch.uiButtonCornerRadusTests";
				PRODUCT_NAME = "$(TARGET_NAME)";
				SWIFT_EMIT_LOC_STRINGS = NO;
				SWIFT_VERSION = 5.0;
				TARGETED_DEVICE_FAMILY = "1,2";
				TEST_HOST = "$(BUILT_PRODUCTS_DIR)/uiButtonCornerRadus.app/uiButtonCornerRadus";
			};
			name = Release;
		};
		D316DB5F2910CEE100329030 /* Debug */ = {
			isa = XCBuildConfiguration;
			buildSettings = {
				ALWAYS_EMBED_SWIFT_STANDARD_LIBRARIES = YES;
				CODE_SIGN_STYLE = Automatic;
				CURRENT_PROJECT_VERSION = 1;
				DEVELOPMENT_TEAM = BQQPF348J4;
				GENERATE_INFOPLIST_FILE = YES;
				MARKETING_VERSION = 1.0;
				PRODUCT_BUNDLE_IDENTIFIER = "test-stopwatch.uiButtonCornerRadusUITests";
				PRODUCT_NAME = "$(TARGET_NAME)";
				SWIFT_EMIT_LOC_STRINGS = NO;
				SWIFT_VERSION = 5.0;
				TARGETED_DEVICE_FAMILY = "1,2";
				TEST_TARGET_NAME = uiButtonCornerRadus;
			};
			name = Debug;
		};
		D316DB602910CEE100329030 /* Release */ = {
			isa = XCBuildConfiguration;
			buildSettings = {
				ALWAYS_EMBED_SWIFT_STANDARD_LIBRARIES = YES;
				CODE_SIGN_STYLE = Automatic;
				CURRENT_PROJECT_VERSION = 1;
				DEVELOPMENT_TEAM = BQQPF348J4;
				GENERATE_INFOPLIST_FILE = YES;
				MARKETING_VERSION = 1.0;
				PRODUCT_BUNDLE_IDENTIFIER = "test-stopwatch.uiButtonCornerRadusUITests";
				PRODUCT_NAME = "$(TARGET_NAME)";
				SWIFT_EMIT_LOC_STRINGS = NO;
				SWIFT_VERSION = 5.0;
				TARGETED_DEVICE_FAMILY = "1,2";
				TEST_TARGET_NAME = uiButtonCornerRadus;
			};
			name = Release;
		};
/* End XCBuildConfiguration section */

/* Begin XCConfigurationList section */
		D316DB292910CEE000329030 /* Build configuration list for PBXProject "uiButtonCornerRadus" */ = {
			isa = XCConfigurationList;
			buildConfigurations = (
				D316DB562910CEE100329030 /* Debug */,
				D316DB572910CEE100329030 /* Release */,
			);
			defaultConfigurationIsVisible = 0;
			defaultConfigurationName = Release;
		};
		D316DB582910CEE100329030 /* Build configuration list for PBXNativeTarget "uiButtonCornerRadus" */ = {
			isa = XCConfigurationList;
			buildConfigurations = (
				D316DB592910CEE100329030 /* Debug */,
				D316DB5A2910CEE100329030 /* Release */,
			);
			defaultConfigurationIsVisible = 0;
			defaultConfigurationName = Release;
		};
		D316DB5B2910CEE100329030 /* Build configuration list for PBXNativeTarget "uiButtonCornerRadusTests" */ = {
			isa = XCConfigurationList;
			buildConfigurations = (
				D316DB5C2910CEE100329030 /* Debug */,
				D316DB5D2910CEE100329030 /* Release */,
			);
			defaultConfigurationIsVisible = 0;
			defaultConfigurationName = Release;
		};
		D316DB5E2910CEE100329030 /* Build configuration list for PBXNativeTarget "uiButtonCornerRadusUITests" */ = {
			isa = XCConfigurationList;
			buildConfigurations = (
				D316DB5F2910CEE100329030 /* Debug */,
				D316DB602910CEE100329030 /* Release */,
			);
			defaultConfigurationIsVisible = 0;
			defaultConfigurationName = Release;
		};
/* End XCConfigurationList section */
	};
	rootObject = D316DB262910CEE000329030 /* Project object */;
}
